
Microsoft Visual Studio Solution File, Format Version 12.00
# Visual Studio 14
VisualStudioVersion = 14.0.25420.1
MinimumVisualStudioVersion = 10.0.40219.1
Project("{FAE04EC0-301F-11D3-BF4B-00C04F79EFBC}") = "TwitterAnalyticsWeb", "TwitterAnalyticsWeb\TwitterAnalyticsWeb.csproj", "{A10AC1D2-DF74-4953-8314-348FB5A0264A}"
EndProject
Project("{FAE04EC0-301F-11D3-BF4B-00C04F79EFBC}") = "TwitterAnalyticsWeb.Tests", "TwitterAnalyticsWeb.Tests\TwitterAnalyticsWeb.Tests.csproj", "{A7383622-65BB-4D26-B1C9-76EE53DF97E5}"
EndProject
Project("{FAE04EC0-301F-11D3-BF4B-00C04F79EFBC}") = "TwitterClient", "TwitterClient\TwitterClient.csproj", "{0393C9C2-00A1-426F-A837-CB0BAEE86056}"
EndProject
Project("{FAE04EC0-301F-11D3-BF4B-00C04F79EFBC}") = "TwitterAnalyticsCommon", "TwitterAnalyticsCommon\TwitterAnalyticsCommon.csproj", "{22C54712-8933-4BDB-8C76-54910D6BEABA}"
EndProject
Project("{FAE04EC0-301F-11D3-BF4B-00C04F79EFBC}") = "TwitterAnalyticsDBL", "TwitterAnalyticsDBL\TwitterAnalyticsDBL.csproj", "{670CC8D5-500F-4288-98DC-6591668D854F}"
EndProject
Project("{FAE04EC0-301F-11D3-BF4B-00C04F79EFBC}") = "SentimentAnalytics", "TwitterSentimentAnalytics\SentimentAnalytics.csproj", "{06549B3E-8961-40F4-A3F7-74D69BC3F9AF}"
EndProject
Project("{FAE04EC0-301F-11D3-BF4B-00C04F79EFBC}") = "LoggerLibrary", "LoggerLibrary\LoggerLibrary.csproj", "{B4B7F6D2-AD57-4FAF-AFB7-97E9ABFE362B}"
EndProject
Global
	GlobalSection(SolutionConfigurationPlatforms) = preSolution
		Debug|Any CPU = Debug|Any CPU
		Release|Any CPU = Release|Any CPU
	EndGlobalSection
	GlobalSection(ProjectConfigurationPlatforms) = postSolution
		{A10AC1D2-DF74-4953-8314-348FB5A0264A}.Debug|Any CPU.ActiveCfg = Debug|Any CPU
		{A10AC1D2-DF74-4953-8314-348FB5A0264A}.Debug|Any CPU.Build.0 = Debug|Any CPU
		{A10AC1D2-DF74-4953-8314-348FB5A0264A}.Release|Any CPU.ActiveCfg = Release|Any CPU
		{A10AC1D2-DF74-4953-8314-348FB5A0264A}.Release|Any CPU.Build.0 = Release|Any CPU
		{A7383622-65BB-4D26-B1C9-76EE53DF97E5}.Debug|Any CPU.ActiveCfg = Debug|Any CPU
		{A7383622-65BB-4D26-B1C9-76EE53DF97E5}.Debug|Any CPU.Build.0 = Debug|Any CPU
		{A7383622-65BB-4D26-B1C9-76EE53DF97E5}.Release|Any CPU.ActiveCfg = Release|Any CPU
		{A7383622-65BB-4D26-B1C9-76EE53DF97E5}.Release|Any CPU.Build.0 = Release|Any CPU
		{0393C9C2-00A1-426F-A837-CB0BAEE86056}.Debug|Any CPU.ActiveCfg = Debug|Any CPU
		{0393C9C2-00A1-426F-A837-CB0BAEE86056}.Debug|Any CPU.Build.0 = Debug|Any CPU
		{0393C9C2-00A1-426F-A837-CB0BAEE86056}.Release|Any CPU.ActiveCfg = Release|Any CPU
		{0393C9C2-00A1-426F-A837-CB0BAEE86056}.Release|Any CPU.Build.0 = Release|Any CPU
		{22C54712-8933-4BDB-8C76-54910D6BEABA}.Debug|Any CPU.ActiveCfg = Debug|Any CPU
		{22C54712-8933-4BDB-8C76-54910D6BEABA}.Debug|Any CPU.Build.0 = Debug|Any CPU
		{22C54712-8933-4BDB-8C76-54910D6BEABA}.Release|Any CPU.ActiveCfg = Release|Any CPU
		{22C54712-8933-4BDB-8C76-54910D6BEABA}.Release|Any CPU.Build.0 = Release|Any CPU
		{670CC8D5-500F-4288-98DC-6591668D854F}.Debug|Any CPU.ActiveCfg = Debug|Any CPU
		{670CC8D5-500F-4288-98DC-6591668D854F}.Debug|Any CPU.Build.0 = Debug|Any CPU
		{670CC8D5-500F-4288-98DC-6591668D854F}.Release|Any CPU.ActiveCfg = Release|Any CPU
		{670CC8D5-500F-4288-98DC-6591668D854F}.Release|Any CPU.Build.0 = Release|Any CPU
		{06549B3E-8961-40F4-A3F7-74D69BC3F9AF}.Debug|Any CPU.ActiveCfg = Debug|Any CPU
		{06549B3E-8961-40F4-A3F7-74D69BC3F9AF}.Debug|Any CPU.Build.0 = Debug|Any CPU
		{06549B3E-8961-40F4-A3F7-74D69BC3F9AF}.Release|Any CPU.ActiveCfg = Release|Any CPU
		{06549B3E-8961-40F4-A3F7-74D69BC3F9AF}.Release|Any CPU.Build.0 = Release|Any CPU
		{B4B7F6D2-AD57-4FAF-AFB7-97E9ABFE362B}.Debug|Any CPU.ActiveCfg = Debug|Any CPU
		{B4B7F6D2-AD57-4FAF-AFB7-97E9ABFE362B}.Debug|Any CPU.Build.0 = Debug|Any CPU
		{B4B7F6D2-AD57-4FAF-AFB7-97E9ABFE362B}.Release|Any CPU.ActiveCfg = Release|Any CPU
		{B4B7F6D2-AD57-4FAF-AFB7-97E9ABFE362B}.Release|Any CPU.Build.0 = Release|Any CPU
	EndGlobalSection
	GlobalSection(SolutionProperties) = preSolution
		HideSolutionNode = FALSE
	EndGlobalSection
EndGlobal
